
Microsoft Visual Studio Solution File, Format Version 12.00
# Visual Studio Version 16
VisualStudioVersion = 16.0.30128.74
MinimumVisualStudioVersion = 10.0.40219.1
Project("{FAE04EC0-301F-11D3-BF4B-00C04F79EFBC}") = "StorageAdministrator", "StorageAdministrator\StorageAdministrator.csproj", "{228C1F51-460B-4A1C-A103-822667EC70F4}"
EndProject
Global
	GlobalSection(SolutionConfigurationPlatforms) = preSolution
		Debug|Any CPU = Debug|Any CPU
		Release|Any CPU = Release|Any CPU
	EndGlobalSection
	GlobalSection(ProjectConfigurationPlatforms) = postSolution
		{228C1F51-460B-4A1C-A103-822667EC70F4}.Debug|Any CPU.ActiveCfg = Debug|Any CPU
		{228C1F51-460B-4A1C-A103-822667EC70F4}.Debug|Any CPU.Build.0 = Debug|Any CPU
		{228C1F51-460B-4A1C-A103-822667EC70F4}.Release|Any CPU.ActiveCfg = Release|Any CPU
		{228C1F51-460B-4A1C-A103-822667EC70F4}.Release|Any CPU.Build.0 = Release|Any CPU
	EndGlobalSection
	GlobalSection(SolutionProperties) = preSolution
		HideSolutionNode = FALSE
	EndGlobalSection
	GlobalSection(ExtensibilityGlobals) = postSolution
		SolutionGuid = {5EE8E84C-3E3B-4939-9B34-BC246C22A14F}
	EndGlobalSection
EndGlobal
